
Microsoft Visual Studio Solution File, Format Version 12.00
# Visual Studio Version 17
VisualStudioVersion = 17.14.36623.8 d17.14
MinimumVisualStudioVersion = 10.0.40219.1
Project("{FAE04EC0-301F-11D3-BF4B-00C04F79EFBC}") = "DoAn_LTWeb", "DoAn_LTWeb\DoAn_LTWeb.csproj", "{F3C4D71D-275C-4DB4-BBF9-20C9631875A5}"
EndProject
Global
	GlobalSection(SolutionConfigurationPlatforms) = preSolution
		Debug|Any CPU = Debug|Any CPU
		Release|Any CPU = Release|Any CPU
	EndGlobalSection
	GlobalSection(ProjectConfigurationPlatforms) = postSolution
		{F3C4D71D-275C-4DB4-BBF9-20C9631875A5}.Debug|Any CPU.ActiveCfg = Debug|Any CPU
		{F3C4D71D-275C-4DB4-BBF9-20C9631875A5}.Debug|Any CPU.Build.0 = Debug|Any CPU
		{F3C4D71D-275C-4DB4-BBF9-20C9631875A5}.Release|Any CPU.ActiveCfg = Release|Any CPU
		{F3C4D71D-275C-4DB4-BBF9-20C9631875A5}.Release|Any CPU.Build.0 = Release|Any CPU
	EndGlobalSection
	GlobalSection(SolutionProperties) = preSolution
		HideSolutionNode = FALSE
	EndGlobalSection
	GlobalSection(ExtensibilityGlobals) = postSolution
		SolutionGuid = {A21B2646-AA83-4B7C-BB38-5CCF96557F1E}
	EndGlobalSection
EndGlobal
